[{<<"cowboy">>,
  {git,"https://github.com/extend/cowboy.git",
       {ref,"b403f26da6bef8ff41855fa499c75f42b02ecb69"}},
  0},
 {<<"cowlib">>,
  {git,"https://github.com/ninenines/cowlib",
       {ref,"15750e632d9886eb9bfc876ba03402464b8facb3"}},
  1},
 {<<"emagick">>,
  {git,"https://github.com/kivra/emagick.git",
       {ref,"2c3625e7eb7e9aa458c7cfe8b47f3b0adf904fe3"}},
  0},
 {<<"quickrand">>,
  {git,"https://github.com/okeuday/quickrand.git",
       {ref,"cae86199e2206f1fa5faaa3f0d928841eb2ee50c"}},
  1},
 {<<"ranch">>,
  {git,"https://github.com/ninenines/ranch",
       {ref,"40809cd2b257a8a53bcb5588ecaa88cc5381ff5c"}},
  1},
 {<<"uuid">>,
  {git,"https://github.com/okeuday/uuid.git",
       {ref,"889c115b8308a9d8bb4012bb6400480bb55ea81b"}},
  0}].
